
Microsoft Visual Studio Solution File, Format Version 12.00
# Visual Studio Version 17
VisualStudioVersion = 17.0.32002.185
MinimumVisualStudioVersion = 10.0.40219.1
Project("{9A19103F-16F7-4668-BE54-9A1E7A4F7556}") = "AzureTestHarness", "AzureTestHarness\AzureTestHarness.csproj", "{1C594C1C-A620-4D28-99D3-A82F98FF7D77}"
EndProject
Project("{9A19103F-16F7-4668-BE54-9A1E7A4F7556}") = "ServiceBusProcessor", "ServiceBusProcessor\ServiceBusProcessor.csproj", "{7F027769-31C8-4EB7-84B2-366D75CB93D8}"
EndProject
Project("{9A19103F-16F7-4668-BE54-9A1E7A4F7556}") = "BO", "BO\BO.csproj", "{79C84112-13B2-431F-93E9-A68D278C8134}"
EndProject
Project("{9A19103F-16F7-4668-BE54-9A1E7A4F7556}") = "BLL", "BLL\BLL.csproj", "{9BFEC3D2-EBCA-4124-8A3F-6895E30BB4B3}"
EndProject
Project("{FAE04EC0-301F-11D3-BF4B-00C04F79EFBC}") = "ServiceBusSender", "ServiceBusSender\ServiceBusSender.csproj", "{E67A39FE-4190-4848-BCFC-472D68E1BE83}"
EndProject
Global
	GlobalSection(SolutionConfigurationPlatforms) = preSolution
		Debug|Any CPU = Debug|Any CPU
		Release|Any CPU = Release|Any CPU
	EndGlobalSection
	GlobalSection(ProjectConfigurationPlatforms) = postSolution
		{1C594C1C-A620-4D28-99D3-A82F98FF7D77}.Debug|Any CPU.ActiveCfg = Debug|Any CPU
		{1C594C1C-A620-4D28-99D3-A82F98FF7D77}.Debug|Any CPU.Build.0 = Debug|Any CPU
		{1C594C1C-A620-4D28-99D3-A82F98FF7D77}.Release|Any CPU.ActiveCfg = Release|Any CPU
		{1C594C1C-A620-4D28-99D3-A82F98FF7D77}.Release|Any CPU.Build.0 = Release|Any CPU
		{7F027769-31C8-4EB7-84B2-366D75CB93D8}.Debug|Any CPU.ActiveCfg = Debug|Any CPU
		{7F027769-31C8-4EB7-84B2-366D75CB93D8}.Debug|Any CPU.Build.0 = Debug|Any CPU
		{7F027769-31C8-4EB7-84B2-366D75CB93D8}.Release|Any CPU.ActiveCfg = Release|Any CPU
		{7F027769-31C8-4EB7-84B2-366D75CB93D8}.Release|Any CPU.Build.0 = Release|Any CPU
		{79C84112-13B2-431F-93E9-A68D278C8134}.Debug|Any CPU.ActiveCfg = Debug|Any CPU
		{79C84112-13B2-431F-93E9-A68D278C8134}.Debug|Any CPU.Build.0 = Debug|Any CPU
		{79C84112-13B2-431F-93E9-A68D278C8134}.Release|Any CPU.ActiveCfg = Release|Any CPU
		{79C84112-13B2-431F-93E9-A68D278C8134}.Release|Any CPU.Build.0 = Release|Any CPU
		{9BFEC3D2-EBCA-4124-8A3F-6895E30BB4B3}.Debug|Any CPU.ActiveCfg = Debug|Any CPU
		{9BFEC3D2-EBCA-4124-8A3F-6895E30BB4B3}.Debug|Any CPU.Build.0 = Debug|Any CPU
		{9BFEC3D2-EBCA-4124-8A3F-6895E30BB4B3}.Release|Any CPU.ActiveCfg = Release|Any CPU
		{9BFEC3D2-EBCA-4124-8A3F-6895E30BB4B3}.Release|Any CPU.Build.0 = Release|Any CPU
		{E67A39FE-4190-4848-BCFC-472D68E1BE83}.Debug|Any CPU.ActiveCfg = Debug|Any CPU
		{E67A39FE-4190-4848-BCFC-472D68E1BE83}.Debug|Any CPU.Build.0 = Debug|Any CPU
		{E67A39FE-4190-4848-BCFC-472D68E1BE83}.Release|Any CPU.ActiveCfg = Release|Any CPU
		{E67A39FE-4190-4848-BCFC-472D68E1BE83}.Release|Any CPU.Build.0 = Release|Any CPU
	EndGlobalSection
	GlobalSection(SolutionProperties) = preSolution
		HideSolutionNode = FALSE
	EndGlobalSection
	GlobalSection(ExtensibilityGlobals) = postSolution
		SolutionGuid = {06877E58-B177-484C-AC3C-1C6B41562CFE}
	EndGlobalSection
EndGlobal
